
Microsoft Visual Studio Solution File, Format Version 12.00
# Visual Studio Version 17
VisualStudioVersion = 17.9.34607.119
MinimumVisualStudioVersion = 10.0.40219.1
Project("{FAE04EC0-301F-11D3-BF4B-00C04F79EFBC}") = "examen parcial", "examen parcial\examen parcial.csproj", "{996419D8-26E6-498B-902E-7AD0E127604B}"
EndProject
Global
	GlobalSection(SolutionConfigurationPlatforms) = preSolution
		Debug|Any CPU = Debug|Any CPU
		Release|Any CPU = Release|Any CPU
	EndGlobalSection
	GlobalSection(ProjectConfigurationPlatforms) = postSolution
		{996419D8-26E6-498B-902E-7AD0E127604B}.Debug|Any CPU.ActiveCfg = Debug|Any CPU
		{996419D8-26E6-498B-902E-7AD0E127604B}.Debug|Any CPU.Build.0 = Debug|Any CPU
		{996419D8-26E6-498B-902E-7AD0E127604B}.Release|Any CPU.ActiveCfg = Release|Any CPU
		{996419D8-26E6-498B-902E-7AD0E127604B}.Release|Any CPU.Build.0 = Release|Any CPU
	EndGlobalSection
	GlobalSection(SolutionProperties) = preSolution
		HideSolutionNode = FALSE
	EndGlobalSection
	GlobalSection(ExtensibilityGlobals) = postSolution
		SolutionGuid = {6E033C45-591B-417F-8703-E8DDF8B9DAB0}
	EndGlobalSection
EndGlobal
